{
  "requires": true,
  "lockfileVersion": 1,
  "dependencies": {
    "roolessmodule": {
      "version": "1.0.0",
      "resolved": "https://registry.npmjs.org/roolessmodule/-/roolessmodule-1.0.0.tgz",
      "integrity": "sha512-DXilWlWlZ8qL/PRuv9haE/3YFMd8CVnrYxyLJDQzIKlFH10YmZoXKzdeDKP3eB6YXPB2/mMrXQz69L4zr9/7Ig=="
    }
  }
}
